hash: cf6cc96be276545ee42f6f9241a0d2b6c68f0dbb472aa3b01d86404b42a15d18
updated: 2019-04-16T17:52:11.69754+09:00
imports:
- name: github.com/aws/aws-sdk-go
  version: 695fe24acaf9afe80b0ce261d4637f42ba0b4c7d
  subpackages:
  - aws
  - aws/awserr
  - aws/awsutil
  - aws/client
  - aws/client/metadata
  - aws/corehandlers
  - aws/credentials
  - aws/credentials/ec2rolecreds
  - aws/credentials/endpointcreds
  - aws/credentials/stscreds
  - aws/defaults
  - aws/ec2metadata
  - aws/endpoints
  - aws/request
  - aws/session
  - aws/signer/v4
  - private/protocol
  - private/protocol/ec2query
  - private/protocol/query
  - private/protocol/query/queryutil
  - private/protocol/rest
  - private/protocol/xml/xmlutil
  - private/waiter
  - service/autoscaling
  - service/autoscaling/autoscalingiface
  - service/ec2
  - service/ec2/ec2iface
  - service/elbv2
  - service/elbv2/elbv2iface
  - service/sts
- name: github.com/go-ini/ini
  version: 2ba15ac2dc9cdf88c110ec2dc0ced7fa45f5678c
- name: github.com/golang/mock
  version: bd3c8e81be01eef76d4b503f5e687d2d1354d2d9
  subpackages:
  - gomock
- name: github.com/inconshreveable/mousetrap
  version: 76626ae9c91c4f2a10f34cad8ce83ea42c93bb75
- name: github.com/jmespath/go-jmespath
  version: bd40a432e4c76585ef6b72d3fd96fb9b6dc7b68d
- name: github.com/mailru/easyjson
  version: 1ea4449da9834f4d333f1cc461c374aea217d249
  subpackages:
  - buffer
  - jlexer
  - jwriter
- name: github.com/olivere/elastic
  version: 60d62e5b2d1c728d7cbbeb7ed9a284303ea4acd4
  subpackages:
  - config
  - uritemplates
- name: github.com/pkg/errors
  version: ba968bfe8b2f7e042a574c888954fccecfa385b4
- name: github.com/spf13/cobra
  version: de09d9ce07d0d8a74442cfeaa91628cf9492cc23
- name: github.com/spf13/pflag
  version: c7e63cf4530bcd3ba943729cee0efeff2ebea63f
- name: golang.org/x/net
  version: e90d6d0afc4c315a0d87a568ae68577cc15149a0
  subpackages:
  - context
  - context/ctxhttp
- name: gopkg.in/olivere/elastic.v2
  version: 2cd27b9ae892f6b4dd8dd6d73489797c99e9c6fa
  subpackages:
  - backoff
  - uritemplates
- name: gopkg.in/olivere/elastic.v3
  version: 9d2a5d8180014aa3e7ee50af6883baac66e2e646
  subpackages:
  - backoff
  - uritemplates
- name: gopkg.in/olivere/elastic.v5
  version: 5f2bc471137b3a0574c35c3f33ee9e644e41c9f9
  subpackages:
  - uritemplates
- name: gopkg.in/olivere/elastic.v6
  version: 8a3f2cdf773521f77a2b9517d131c6cf28be6ca1
testImports:
- name: github.com/h2non/parth
  version: b4df798d65426f8c8ab5ca5f9987aec5575d26c9
- name: gopkg.in/h2non/gock.v1
  version: ba88c4862a27596539531ce469478a91bc5a0511
